
Microsoft Visual Studio Solution File, Format Version 12.00
# Visual Studio Version 17
VisualStudioVersion = 17.9.34728.123
MinimumVisualStudioVersion = 10.0.40219.1
Project("{FAE04EC0-301F-11D3-BF4B-00C04F79EFBC}") = "Homework_24", "Homework_24.csproj", "{4A315693-EF5F-4D14-A903-06BC84587D7D}"
EndProject
Global
	GlobalSection(SolutionConfigurationPlatforms) = preSolution
		Debug|Any CPU = Debug|Any CPU
		Release|Any CPU = Release|Any CPU
	EndGlobalSection
	GlobalSection(ProjectConfigurationPlatforms) = postSolution
		{4A315693-EF5F-4D14-A903-06BC84587D7D}.Debug|Any CPU.ActiveCfg = Debug|Any CPU
		{4A315693-EF5F-4D14-A903-06BC84587D7D}.Debug|Any CPU.Build.0 = Debug|Any CPU
		{4A315693-EF5F-4D14-A903-06BC84587D7D}.Release|Any CPU.ActiveCfg = Release|Any CPU
		{4A315693-EF5F-4D14-A903-06BC84587D7D}.Release|Any CPU.Build.0 = Release|Any CPU
	EndGlobalSection
	GlobalSection(SolutionProperties) = preSolution
		HideSolutionNode = FALSE
	EndGlobalSection
	GlobalSection(ExtensibilityGlobals) = postSolution
		SolutionGuid = {D90FCAE5-3073-41B2-A33A-EEA9DC8E8322}
	EndGlobalSection
EndGlobal
